
Microsoft Visual Studio Solution File, Format Version 11.00
# Visual Studio 2010
Project("{8BC9CEB8-8B4A-11D0-8D11-00A0C91BC942}") = "TerrainDemo", "TerrainDemo\TerrainDemo.vcxproj", "{F3AEA1D6-DF1B-4CE7-9AA0-49DD3E92A3D3}"
EndProject
Global
	GlobalSection(SolutionConfigurationPlatforms) = preSolution
		Debug|Win32 = Debug|Win32
		Release|Win32 = Release|Win32
	EndGlobalSection
	GlobalSection(ProjectConfigurationPlatforms) = postSolution
		{F3AEA1D6-DF1B-4CE7-9AA0-49DD3E92A3D3}.Debug|Win32.ActiveCfg = Debug|Win32
		{F3AEA1D6-DF1B-4CE7-9AA0-49DD3E92A3D3}.Debug|Win32.Build.0 = Debug|Win32
		{F3AEA1D6-DF1B-4CE7-9AA0-49DD3E92A3D3}.Release|Win32.ActiveCfg = Release|Win32
		{F3AEA1D6-DF1B-4CE7-9AA0-49DD3E92A3D3}.Release|Win32.Build.0 = Release|Win32
	EndGlobalSection
	GlobalSection(SolutionProperties) = preSolution
		HideSolutionNode = FALSE
	EndGlobalSection
EndGlobal
